// !$*UTF8*$!
{
	archiveVersion = 1;
	classes = {
	};
	objectVersion = 46;
	objects = {

/* Begin PBXBuildFile section */
		674F5EBC17B577D500D8A066 /* UIKit.framework in Frameworks */ = {isa = PBXBuildFile; fileRef = 674F5EBB17B577D500D8A066 /* UIKit.framework */; };
		674F5EBE17B577D500D8A066 /* Foundation.framework in Frameworks */ = {isa = PBXBuildFile; fileRef = 674F5EBD17B577D500D8A066 /* Foundation.framework */; };
		674F5EC017B577D500D8A066 /* CoreGraphics.framework in Frameworks */ = {isa = PBXBuildFile; fileRef = 674F5EBF17B577D500D8A066 /* CoreGraphics.framework */; };
		674F5EC617B577D500D8A066 /* InfoPlist.strings in Resources */ = {isa = PBXBuildFile; fileRef = 674F5EC417B577D500D8A066 /* InfoPlist.strings */; };
		674F5EC817B577D500D8A066 /* main.m in Sources */ = {isa = PBXBuildFile; fileRef = 674F5EC717B577D500D8A066 /* main.m */; };
		674F5ECC17B577D500D8A066 /* AppDelegate.m in Sources */ = {isa = PBXBuildFile; fileRef = 674F5ECB17B577D500D8A066 /* AppDelegate.m */; };
		674F5ECE17B577D500D8A066 /* Default.png in Resources */ = {isa = PBXBuildFile; fileRef = 674F5ECD17B577D500D8A066 /* Default.png */; };
		674F5ED017B577D500D8A066 /* Default@2x.png in Resources */ = {isa = PBXBuildFile; fileRef = 674F5ECF17B577D500D8A066 /* Default@2x.png */; };
		674F5ED217B577D500D8A066 /* Default-568h@2x.png in Resources */ = {isa = PBXBuildFile; fileRef = 674F5ED117B577D500D8A066 /* Default-568h@2x.png */; };
		674F5EEF17B57C1C00D8A066 /* libAnode.a in Frameworks */ = {isa = PBXBuildFile; fileRef = 674F5EEC17B57B8B00D8A066 /* libAnode.a */; };
		674F5EFD17B588C700D8A066 /* AppIcon29x29.png in Resources */ = {isa = PBXBuildFile; fileRef = 674F5EF317B588C700D8A066 /* AppIcon29x29.png */; };
		674F5EFE17B588C700D8A066 /* AppIcon29x29@2x.png in Resources */ = {isa = PBXBuildFile; fileRef = 674F5EF417B588C700D8A066 /* AppIcon29x29@2x.png */; };
		674F5EFF17B588C700D8A066 /* AppIcon40x40.png in Resources */ = {isa = PBXBuildFile; fileRef = 674F5EF517B588C700D8A066 /* AppIcon40x40.png */; };
		674F5F0017B588C700D8A066 /* AppIcon40x40@2x.png in Resources */ = {isa = PBXBuildFile; fileRef = 674F5EF617B588C700D8A066 /* AppIcon40x40@2x.png */; };
		674F5F0117B588C700D8A066 /* AppIcon60x60.png in Resources */ = {isa = PBXBuildFile; fileRef = 674F5EF717B588C700D8A066 /* AppIcon60x60.png */; };
		674F5F0217B588C700D8A066 /* AppIcon60x60@2x.png in Resources */ = {isa = PBXBuildFile; fileRef = 674F5EF817B588C700D8A066 /* AppIcon60x60@2x.png */; };
		674F5F0317B588C700D8A066 /* AppIcon76x76.png in Resources */ = {isa = PBXBuildFile; fileRef = 674F5EF917B588C700D8A066 /* AppIcon76x76.png */; };
		674F5F0417B588C700D8A066 /* AppIcon76x76@2x.png in Resources */ = {isa = PBXBuildFile; fileRef = 674F5EFA17B588C700D8A066 /* AppIcon76x76@2x.png */; };
		674F5F0517B588C700D8A066 /* iTunesArtwork.png in Resources */ = {isa = PBXBuildFile; fileRef = 674F5EFB17B588C700D8A066 /* iTunesArtwork.png */; };
		674F5F0617B588C700D8A066 /* iTunesArtwork@2x.png in Resources */ = {isa = PBXBuildFile; fileRef = 674F5EFC17B588C700D8A066 /* iTunesArtwork@2x.png */; };
		674F5F0817B58D5C00D8A066 /* Storyboard.storyboard in Resources */ = {isa = PBXBuildFile; fileRef = 674F5F0717B58D5C00D8A066 /* Storyboard.storyboard */; };
/* End PBXBuildFile section */

/* Begin PBXContainerItemProxy section */
		674F5EEB17B57B8B00D8A066 /* PBXContainerItemProxy */ = {
			isa = PBXContainerItemProxy;
			containerPortal = 674F5EE617B57B8B00D8A066 /* Anode.xcodeproj */;
			proxyType = 2;
			remoteGlobalIDString = 674F5E9017B572DC00D8A066;
			remoteInfo = Anode;
		};
		674F5EED17B57C0200D8A066 /* PBXContainerItemProxy */ = {
			isa = PBXContainerItemProxy;
			containerPortal = 674F5EE617B57B8B00D8A066 /* Anode.xcodeproj */;
			proxyType = 1;
			remoteGlobalIDString = 674F5E8F17B572DC00D8A066;
			remoteInfo = Anode;
		};
/* End PBXContainerItemProxy section */

/* Begin PBXFileReference section */
		674F5EB817B577D500D8A066 /* SampleApp.app */ = {isa = PBXFileReference; explicitFileType = wrapper.application; includeInIndex = 0; path = SampleApp.app; sourceTree = BUILT_PRODUCTS_DIR; };
		674F5EBB17B577D500D8A066 /* UIKit.framework */ = {isa = PBXFileReference; lastKnownFileType = wrapper.framework; name = UIKit.framework; path = System/Library/Frameworks/UIKit.framework; sourceTree = SDKROOT; };
		674F5EBD17B577D500D8A066 /* Foundation.framework */ = {isa = PBXFileReference; lastKnownFileType = wrapper.framework; name = Foundation.framework; path = System/Library/Frameworks/Foundation.framework; sourceTree = SDKROOT; };
		674F5EBF17B577D500D8A066 /* CoreGraphics.framework */ = {isa = PBXFileReference; lastKnownFileType = wrapper.framework; name = CoreGraphics.framework; path = System/Library/Frameworks/CoreGraphics.framework; sourceTree = SDKROOT; };
		674F5EC317B577D500D8A066 /* SampleApp-Info.plist */ = {isa = PBXFileReference; lastKnownFileType = text.plist.xml; path = "SampleApp-Info.plist"; sourceTree = "<group>"; };
		674F5EC517B577D500D8A066 /* en */ = {isa = PBXFileReference; lastKnownFileType = text.plist.strings; name = en; path = en.lproj/InfoPlist.strings; sourceTree = "<group>"; };
		674F5EC717B577D500D8A066 /* main.m */ = {isa = PBXFileReference; lastKnownFileType = sourcecode.c.objc; path = main.m; sourceTree = "<group>"; };
		674F5EC917B577D500D8A066 /* SampleApp-Prefix.pch */ = {isa = PBXFileReference; lastKnownFileType = sourcecode.c.h; path = "SampleApp-Prefix.pch"; sourceTree = "<group>"; };
		674F5ECA17B577D500D8A066 /* AppDelegate.h */ = {isa = PBXFileReference; lastKnownFileType = sourcecode.c.h; path = AppDelegate.h; sourceTree = "<group>"; };
		674F5ECB17B577D500D8A066 /* AppDelegate.m */ = {isa = PBXFileReference; lastKnownFileType = sourcecode.c.objc; path = AppDelegate.m; sourceTree = "<group>"; };
		674F5ECD17B577D500D8A066 /* Default.png */ = {isa = PBXFileReference; lastKnownFileType = image.png; path = Default.png; sourceTree = "<group>"; };
		674F5ECF17B577D500D8A066 /* Default@2x.png */ = {isa = PBXFileReference; lastKnownFileType = image.png; path = "Default@2x.png"; sourceTree = "<group>"; };
		674F5ED117B577D500D8A066 /* Default-568h@2x.png */ = {isa = PBXFileReference; lastKnownFileType = image.png; path = "Default-568h@2x.png"; sourceTree = "<group>"; };
		674F5EE617B57B8B00D8A066 /* Anode.xcodeproj */ = {isa = PBXFileReference; lastKnownFileType = "wrapper.pb-project"; name = Anode.xcodeproj; path = ../Anode.xcodeproj; sourceTree = "<group>"; };
		674F5EF317B588C700D8A066 /* AppIcon29x29.png */ = {isa = PBXFileReference; lastKnownFileType = image.png; path = AppIcon29x29.png; sourceTree = "<group>"; };
		674F5EF417B588C700D8A066 /* AppIcon29x29@2x.png */ = {isa = PBXFileReference; lastKnownFileType = image.png; path = "AppIcon29x29@2x.png"; sourceTree = "<group>"; };
		674F5EF517B588C700D8A066 /* AppIcon40x40.png */ = {isa = PBXFileReference; lastKnownFileType = image.png; path = AppIcon40x40.png; sourceTree = "<group>"; };
		674F5EF617B588C700D8A066 /* AppIcon40x40@2x.png */ = {isa = PBXFileReference; lastKnownFileType = image.png; path = "AppIcon40x40@2x.png"; sourceTree = "<group>"; };
		674F5EF717B588C700D8A066 /* AppIcon60x60.png */ = {isa = PBXFileReference; lastKnownFileType = image.png; path = AppIcon60x60.png; sourceTree = "<group>"; };
		674F5EF817B588C700D8A066 /* AppIcon60x60@2x.png */ = {isa = PBXFileReference; lastKnownFileType = image.png; path = "AppIcon60x60@2x.png"; sourceTree = "<group>"; };
		674F5EF917B588C700D8A066 /* AppIcon76x76.png */ = {isa = PBXFileReference; lastKnownFileType = image.png; path = AppIcon76x76.png; sourceTree = "<group>"; };
		674F5EFA17B588C700D8A066 /* AppIcon76x76@2x.png */ = {isa = PBXFileReference; lastKnownFileType = image.png; path = "AppIcon76x76@2x.png"; sourceTree = "<group>"; };
		674F5EFB17B588C700D8A066 /* iTunesArtwork.png */ = {isa = PBXFileReference; lastKnownFileType = image.png; path = iTunesArtwork.png; sourceTree = "<group>"; };
		674F5EFC17B588C700D8A066 /* iTunesArtwork@2x.png */ = {isa = PBXFileReference; lastKnownFileType = image.png; path = "iTunesArtwork@2x.png"; sourceTree = "<group>"; };
		674F5F0717B58D5C00D8A066 /* Storyboard.storyboard */ = {isa = PBXFileReference; fileEncoding = 4; lastKnownFileType = file.storyboard; path = Storyboard.storyboard; sourceTree = "<group>"; };
/* End PBXFileReference section */

/* Begin PBXFrameworksBuildPhase section */
		674F5EB517B577D500D8A066 /* Frameworks */ = {
			isa = PBXFrameworksBuildPhase;
			buildActionMask = 2147483647;
			files = (
				674F5EEF17B57C1C00D8A066 /* libAnode.a in Frameworks */,
				674F5EBC17B577D500D8A066 /* UIKit.framework in Frameworks */,
				674F5EBE17B577D500D8A066 /* Foundation.framework in Frameworks */,
				674F5EC017B577D500D8A066 /* CoreGraphics.framework in Frameworks */,
			);
			runOnlyForDeploymentPostprocessing = 0;
		};
/* End PBXFrameworksBuildPhase section */

/* Begin PBXGroup section */
		674F5EAF17B577D500D8A066 = {
			isa = PBXGroup;
			children = (
				674F5EC117B577D500D8A066 /* SampleApp */,
				674F5EBA17B577D500D8A066 /* Frameworks */,
				674F5EB917B577D500D8A066 /* Products */,
			);
			sourceTree = "<group>";
		};
		674F5EB917B577D500D8A066 /* Products */ = {
			isa = PBXGroup;
			children = (
				674F5EB817B577D500D8A066 /* SampleApp.app */,
			);
			name = Products;
			sourceTree = "<group>";
		};
		674F5EBA17B577D500D8A066 /* Frameworks */ = {
			isa = PBXGroup;
			children = (
				674F5EE617B57B8B00D8A066 /* Anode.xcodeproj */,
				674F5EBB17B577D500D8A066 /* UIKit.framework */,
				674F5EBD17B577D500D8A066 /* Foundation.framework */,
				674F5EBF17B577D500D8A066 /* CoreGraphics.framework */,
			);
			name = Frameworks;
			sourceTree = "<group>";
		};
		674F5EC117B577D500D8A066 /* SampleApp */ = {
			isa = PBXGroup;
			children = (
				674F5ECA17B577D500D8A066 /* AppDelegate.h */,
				674F5ECB17B577D500D8A066 /* AppDelegate.m */,
				674F5F0717B58D5C00D8A066 /* Storyboard.storyboard */,
				674F5EC217B577D500D8A066 /* Supporting Files */,
			);
			path = SampleApp;
			sourceTree = "<group>";
		};
		674F5EC217B577D500D8A066 /* Supporting Files */ = {
			isa = PBXGroup;
			children = (
				674F5EC317B577D500D8A066 /* SampleApp-Info.plist */,
				674F5EC417B577D500D8A066 /* InfoPlist.strings */,
				674F5EC717B577D500D8A066 /* main.m */,
				674F5EC917B577D500D8A066 /* SampleApp-Prefix.pch */,
				674F5ECD17B577D500D8A066 /* Default.png */,
				674F5ECF17B577D500D8A066 /* Default@2x.png */,
				674F5ED117B577D500D8A066 /* Default-568h@2x.png */,
				674F5EF317B588C700D8A066 /* AppIcon29x29.png */,
				674F5EF417B588C700D8A066 /* AppIcon29x29@2x.png */,
				674F5EF517B588C700D8A066 /* AppIcon40x40.png */,
				674F5EF617B588C700D8A066 /* AppIcon40x40@2x.png */,
				674F5EF717B588C700D8A066 /* AppIcon60x60.png */,
				674F5EF817B588C700D8A066 /* AppIcon60x60@2x.png */,
				674F5EF917B588C700D8A066 /* AppIcon76x76.png */,
				674F5EFA17B588C700D8A066 /* AppIcon76x76@2x.png */,
				674F5EFB17B588C700D8A066 /* iTunesArtwork.png */,
				674F5EFC17B588C700D8A066 /* iTunesArtwork@2x.png */,
			);
			name = "Supporting Files";
			sourceTree = "<group>";
		};
		674F5EE717B57B8B00D8A066 /* Products */ = {
			isa = PBXGroup;
			children = (
				674F5EEC17B57B8B00D8A066 /* libAnode.a */,
			);
			name = Products;
			sourceTree = "<group>";
		};
/* End PBXGroup section */

/* Begin PBXNativeTarget section */
		674F5EB717B577D500D8A066 /* SampleApp */ = {
			isa = PBXNativeTarget;
			buildConfigurationList = 674F5ED517B577D500D8A066 /* Build configuration list for PBXNativeTarget "SampleApp" */;
			buildPhases = (
				674F5EB417B577D500D8A066 /* Sources */,
				674F5EB517B577D500D8A066 /* Frameworks */,
				674F5EB617B577D500D8A066 /* Resources */,
			);
			buildRules = (
			);
			dependencies = (
				674F5EEE17B57C0200D8A066 /* PBXTargetDependency */,
			);
			name = SampleApp;
			productName = SampleApp;
			productReference = 674F5EB817B577D500D8A066 /* SampleApp.app */;
			productType = "com.apple.product-type.application";
		};
/* End PBXNativeTarget section */

/* Begin PBXProject section */
		674F5EB017B577D500D8A066 /* Project object */ = {
			isa = PBXProject;
			attributes = {
				LastUpgradeCheck = 0460;
				ORGANIZATIONNAME = "Moby, Inc.";
			};
			buildConfigurationList = 674F5EB317B577D500D8A066 /* Build configuration list for PBXProject "SampleApp" */;
			compatibilityVersion = "Xcode 3.2";
			developmentRegion = English;
			hasScannedForEncodings = 0;
			knownRegions = (
				en,
			);
			mainGroup = 674F5EAF17B577D500D8A066;
			productRefGroup = 674F5EB917B577D500D8A066 /* Products */;
			projectDirPath = "";
			projectReferences = (
				{
					ProductGroup = 674F5EE717B57B8B00D8A066 /* Products */;
					ProjectRef = 674F5EE617B57B8B00D8A066 /* Anode.xcodeproj */;
				},
			);
			projectRoot = "";
			targets = (
				674F5EB717B577D500D8A066 /* SampleApp */,
			);
		};
/* End PBXProject section */

/* Begin PBXReferenceProxy section */
		674F5EEC17B57B8B00D8A066 /* libAnode.a */ = {
			isa = PBXReferenceProxy;
			fileType = archive.ar;
			path = libAnode.a;
			remoteRef = 674F5EEB17B57B8B00D8A066 /* PBXContainerItemProxy */;
			sourceTree = BUILT_PRODUCTS_DIR;
		};
/* End PBXReferenceProxy section */

/* Begin PBXResourcesBuildPhase section */
		674F5EB617B577D500D8A066 /* Resources */ = {
			isa = PBXResourcesBuildPhase;
			buildActionMask = 2147483647;
			files = (
				674F5EC617B577D500D8A066 /* InfoPlist.strings in Resources */,
				674F5ECE17B577D500D8A066 /* Default.png in Resources */,
				674F5ED017B577D500D8A066 /* Default@2x.png in Resources */,
				674F5ED217B577D500D8A066 /* Default-568h@2x.png in Resources */,
				674F5EFD17B588C700D8A066 /* AppIcon29x29.png in Resources */,
				674F5EFE17B588C700D8A066 /* AppIcon29x29@2x.png in Resources */,
				674F5EFF17B588C700D8A066 /* AppIcon40x40.png in Resources */,
				674F5F0017B588C700D8A066 /* AppIcon40x40@2x.png in Resources */,
				674F5F0117B588C700D8A066 /* AppIcon60x60.png in Resources */,
				674F5F0217B588C700D8A066 /* AppIcon60x60@2x.png in Resources */,
				674F5F0317B588C700D8A066 /* AppIcon76x76.png in Resources */,
				674F5F0417B588C700D8A066 /* AppIcon76x76@2x.png in Resources */,
				674F5F0517B588C700D8A066 /* iTunesArtwork.png in Resources */,
				674F5F0617B588C700D8A066 /* iTunesArtwork@2x.png in Resources */,
				674F5F0817B58D5C00D8A066 /* Storyboard.storyboard in Resources */,
			);
			runOnlyForDeploymentPostprocessing = 0;
		};
/* End PBXResourcesBuildPhase section */

/* Begin PBXSourcesBuildPhase section */
		674F5EB417B577D500D8A066 /* Sources */ = {
			isa = PBXSourcesBuildPhase;
			buildActionMask = 2147483647;
			files = (
				674F5EC817B577D500D8A066 /* main.m in Sources */,
				674F5ECC17B577D500D8A066 /* AppDelegate.m in Sources */,
			);
			runOnlyForDeploymentPostprocessing = 0;
		};
/* End PBXSourcesBuildPhase section */

/* Begin PBXTargetDependency section */
		674F5EEE17B57C0200D8A066 /* PBXTargetDependency */ = {
			isa = PBXTargetDependency;
			name = Anode;
			targetProxy = 674F5EED17B57C0200D8A066 /* PBXContainerItemProxy */;
		};
/* End PBXTargetDependency section */

/* Begin PBXVariantGroup section */
		674F5EC417B577D500D8A066 /* InfoPlist.strings */ = {
			isa = PBXVariantGroup;
			children = (
				674F5EC517B577D500D8A066 /* en */,
			);
			name = InfoPlist.strings;
			sourceTree = "<group>";
		};
/* End PBXVariantGroup section */

/* Begin XCBuildConfiguration section */
		674F5ED317B577D500D8A066 /* Debug */ = {
			isa = XCBuildConfiguration;
			buildSettings = {
				ALWAYS_SEARCH_USER_PATHS = NO;
				CLANG_CXX_LANGUAGE_STANDARD = "gnu++0x";
				CLANG_CXX_LIBRARY = "libc++";
				CLANG_ENABLE_OBJC_ARC = YES;
				CLANG_WARN_CONSTANT_CONVERSION = YES;
				CLANG_WARN_EMPTY_BODY = YES;
				CLANG_WARN_ENUM_CONVERSION = YES;
				CLANG_WARN_INT_CONVERSION = YES;
				CLANG_WARN__DUPLICATE_METHOD_MATCH = YES;
				"CODE_SIGN_IDENTITY[sdk=iphoneos*]" = "iPhone Developer";
				COPY_PHASE_STRIP = NO;
				GCC_C_LANGUAGE_STANDARD = gnu99;
				GCC_DYNAMIC_NO_PIC = NO;
				GCC_OPTIMIZATION_LEVEL = 0;
				GCC_PREPROCESSOR_DEFINITIONS = (
					"DEBUG=1",
					"$(inherited)",
				);
				GCC_SYMBOLS_PRIVATE_EXTERN = NO;
				GCC_WARN_ABOUT_RETURN_TYPE = YES;
				GCC_WARN_UNINITIALIZED_AUTOS = YES;
				GCC_WARN_UNUSED_VARIABLE = YES;
				IPHONEOS_DEPLOYMENT_TARGET = 6.1;
				ONLY_ACTIVE_ARCH = YES;
				SDKROOT = iphoneos;
			};
			name = Debug;
		};
		674F5ED417B577D500D8A066 /* Release */ = {
			isa = XCBuildConfiguration;
			buildSettings = {
				ALWAYS_SEARCH_USER_PATHS = NO;
				CLANG_CXX_LANGUAGE_STANDARD = "gnu++0x";
				CLANG_CXX_LIBRARY = "libc++";
				CLANG_ENABLE_OBJC_ARC = YES;
				CLANG_WARN_CONSTANT_CONVERSION = YES;
				CLANG_WARN_EMPTY_BODY = YES;
				CLANG_WARN_ENUM_CONVERSION = YES;
				CLANG_WARN_INT_CONVERSION = YES;
				CLANG_WARN__DUPLICATE_METHOD_MATCH = YES;
				"CODE_SIGN_IDENTITY[sdk=iphoneos*]" = "iPhone Developer";
				COPY_PHASE_STRIP = YES;
				GCC_C_LANGUAGE_STANDARD = gnu99;
				GCC_WARN_ABOUT_RETURN_TYPE = YES;
				GCC_WARN_UNINITIALIZED_AUTOS = YES;
				GCC_WARN_UNUSED_VARIABLE = YES;
				IPHONEOS_DEPLOYMENT_TARGET = 6.1;
				OTHER_CFLAGS = "-DNS_BLOCK_ASSERTIONS=1";
				SDKROOT = iphoneos;
				VALIDATE_PRODUCT = YES;
			};
			name = Release;
		};
		674F5ED617B577D500D8A066 /* Debug */ = {
			isa = XCBuildConfiguration;
			buildSettings = {
				GCC_PRECOMPILE_PREFIX_HEADER = YES;
				GCC_PREFIX_HEADER = "SampleApp/SampleApp-Prefix.pch";
				INFOPLIST_FILE = "SampleApp/SampleApp-Info.plist";
				PRODUCT_NAME = "$(TARGET_NAME)";
				WRAPPER_EXTENSION = app;
			};
			name = Debug;
		};
		674F5ED717B577D500D8A066 /* Release */ = {
			isa = XCBuildConfiguration;
			buildSettings = {
				GCC_PRECOMPILE_PREFIX_HEADER = YES;
				GCC_PREFIX_HEADER = "SampleApp/SampleApp-Prefix.pch";
				INFOPLIST_FILE = "SampleApp/SampleApp-Info.plist";
				PRODUCT_NAME = "$(TARGET_NAME)";
				WRAPPER_EXTENSION = app;
			};
			name = Release;
		};
/* End XCBuildConfiguration section */

/* Begin XCConfigurationList section */
		674F5EB317B577D500D8A066 /* Build configuration list for PBXProject "SampleApp" */ = {
			isa = XCConfigurationList;
			buildConfigurations = (
				674F5ED317B577D500D8A066 /* Debug */,
				674F5ED417B577D500D8A066 /* Release */,
			);
			defaultConfigurationIsVisible = 0;
			defaultConfigurationName = Release;
		};
		674F5ED517B577D500D8A066 /* Build configuration list for PBXNativeTarget "SampleApp" */ = {
			isa = XCConfigurationList;
			buildConfigurations = (
				674F5ED617B577D500D8A066 /* Debug */,
				674F5ED717B577D500D8A066 /* Release */,
			);
			defaultConfigurationIsVisible = 0;
			defaultConfigurationName = Release;
		};
/* End XCConfigurationList section */
	};
	rootObject = 674F5EB017B577D500D8A066 /* Project object */;
}
